
Microsoft Visual Studio Solution File, Format Version 12.00
# Visual Studio Version 16
VisualStudioVersion = 16.0.30907.101
MinimumVisualStudioVersion = 10.0.40219.1
Project("{8BC9CEB8-8B4A-11D0-8D11-00A0C91BC942}") = "LLEssentials", "LLEssentials\LLEssentials.vcxproj", "{A1BB280D-36D6-4515-9922-AA2173921E75}"
EndProject
Project("{8BC9CEB8-8B4A-11D0-8D11-00A0C91BC942}") = "LiteLuaLoader", "LLlua\LLlua.vcxproj", "{CCE8CF75-0C15-4F6F-BD23-AED8982FBE70}"
EndProject
Project("{8BC9CEB8-8B4A-11D0-8D11-00A0C91BC942}") = "LLnpc", "LLnpc\LLnpc.vcxproj", "{939794F6-3A91-4B37-90CA-17EA0089D8D0}"
EndProject
Project("{8BC9CEB8-8B4A-11D0-8D11-00A0C91BC942}") = "LiteLand", "LLland\LLland.vcxproj", "{80B89152-272E-4E40-A1C5-D135FCAEE585}"
EndProject
Project("{8BC9CEB8-8B4A-11D0-8D11-00A0C91BC942}") = "LuaMoneyApi", "LuaMoneyApi\LuaMoneyApi.vcxproj", "{EB6C4F9C-98E9-4ADD-B531-F6ADD43FB0C3}"
EndProject
Project("{8BC9CEB8-8B4A-11D0-8D11-00A0C91BC942}") = "ClearLag", "OreGen\OreGen.vcxproj", "{D5CF68C0-6F5B-457C-BB74-72E59DCAB622}"
EndProject
Project("{8BC9CEB8-8B4A-11D0-8D11-00A0C91BC942}") = "LLHunter", "LLHunter\LLHunter.vcxproj", "{5F7AA8A2-3754-4049-9088-93A0CD1CC15E}"
EndProject
Project("{8BC9CEB8-8B4A-11D0-8D11-00A0C91BC942}") = "LLBehaviorLog", "BehaviorLog\BLog.vcxproj", "{4E2C1F0D-2BBA-42C4-A906-2212AC305AAA}"
EndProject
Project("{8BC9CEB8-8B4A-11D0-8D11-00A0C91BC942}") = "iconElevator", "Elevator\all.vcxproj", "{DEEC256D-4AC0-4F06-8786-75993852F9E8}"
EndProject
Project("{8BC9CEB8-8B4A-11D0-8D11-00A0C91BC942}") = "HologramGlows", "HologramGlows\HologramGlows.vcxproj", "{6C170FF7-17EE-4045-95B7-6617BCB7AE46}"
EndProject
Project("{8BC9CEB8-8B4A-11D0-8D11-00A0C91BC942}") = "DynamicPlayer", "DynamicPlayer\DynamicPlayer.vcxproj", "{571EFA81-DFC8-4A83-8114-3DE05005252C}"
EndProject
Project("{8BC9CEB8-8B4A-11D0-8D11-00A0C91BC942}") = "CustomMap", "CustomMap\CustomMap.vcxproj", "{FFB10AC0-6B66-462E-8B1C-B985CA1BD503}"
EndProject
Project("{8BC9CEB8-8B4A-11D0-8D11-00A0C91BC942}") = "chineseBDS", "test\test.vcxproj", "{1FF3CE98-6FD5-4F84-8544-204CB0EFFFEB}"
EndProject
Project("{8BC9CEB8-8B4A-11D0-8D11-00A0C91BC942}") = "simple", "simple\simple.vcxproj", "{ADEA9218-F0CC-4EFE-8DC9-4DB7C889122E}"
EndProject
Project("{8BC9CEB8-8B4A-11D0-8D11-00A0C91BC942}") = "Id-Test", "Item-Id-Test\Item-Id-Test.vcxproj", "{991FF479-1C70-4BB3-9795-7C017B048FC9}"
EndProject
Project("{8BC9CEB8-8B4A-11D0-8D11-00A0C91BC942}") = "LockChest", "LockChest\LockChest.vcxproj", "{F088F35F-5D11-409E-B183-C07E675086D4}"
EndProject
Project("{8BC9CEB8-8B4A-11D0-8D11-00A0C91BC942}") = "LLMoney", "LLMoney\LLMoney.vcxproj", "{324B932F-D3B3-4E00-87FC-A27DE857FF91}"
EndProject
Project("{8BC9CEB8-8B4A-11D0-8D11-00A0C91BC942}") = "FineSignIn", "FineSignIn\FineSignIn.vcxproj", "{8434A502-4C5D-4C9B-82E0-DB4DA8B73949}"
EndProject
Project("{8BC9CEB8-8B4A-11D0-8D11-00A0C91BC942}") = "antiXray", "antiXray\antiXray.vcxproj", "{34FFAA1F-4750-4EAF-9E31-C3531444C4FE}"
EndProject
Project("{8BC9CEB8-8B4A-11D0-8D11-00A0C91BC942}") = "REnderdDragonDie", "REnderdDragonDie\REnderdDragonDie.vcxproj", "{6908C341-506B-4A02-91EF-176A575811FF}"
EndProject
Project("{8BC9CEB8-8B4A-11D0-8D11-00A0C91BC942}") = "FineBot-CPP", "FineBot-CPP\FineBot-CPP.vcxproj", "{37FE21D0-D9CF-4D6D-9ACD-F216866101EE}"
EndProject
Project("{8BC9CEB8-8B4A-11D0-8D11-00A0C91BC942}") = "FIXCRASH", "FIXCRASH\FIXCRASH.vcxproj", "{C81D570F-1158-4F39-A165-7A8645F4541C}"
EndProject
Project("{8BC9CEB8-8B4A-11D0-8D11-00A0C91BC942}") = "ChatBubble", "ChatBubble\ChatBubble.vcxproj", "{5F482754-4BD2-4405-8256-5C321EA1DB38}"
EndProject
Project("{8BC9CEB8-8B4A-11D0-8D11-00A0C91BC942}") = "eztest", "eztest\eztest.vcxproj", "{D79FC2F4-A2C3-4225-B78F-DA661A0EF304}"
EndProject
Global
	GlobalSection(SolutionConfigurationPlatforms) = preSolution
		Debug|x64 = Debug|x64
		Debug|x86 = Debug|x86
		Release|x64 = Release|x64
		Release|x86 = Release|x86
	EndGlobalSection
	GlobalSection(ProjectConfigurationPlatforms) = postSolution
		{A1BB280D-36D6-4515-9922-AA2173921E75}.Debug|x64.ActiveCfg = Debug|x64
		{A1BB280D-36D6-4515-9922-AA2173921E75}.Debug|x64.Build.0 = Debug|x64
		{A1BB280D-36D6-4515-9922-AA2173921E75}.Debug|x86.ActiveCfg = Debug|Win32
		{A1BB280D-36D6-4515-9922-AA2173921E75}.Debug|x86.Build.0 = Debug|Win32
		{A1BB280D-36D6-4515-9922-AA2173921E75}.Release|x64.ActiveCfg = Release|x64
		{A1BB280D-36D6-4515-9922-AA2173921E75}.Release|x64.Build.0 = Release|x64
		{A1BB280D-36D6-4515-9922-AA2173921E75}.Release|x86.ActiveCfg = Release|Win32
		{A1BB280D-36D6-4515-9922-AA2173921E75}.Release|x86.Build.0 = Release|Win32
		{CCE8CF75-0C15-4F6F-BD23-AED8982FBE70}.Debug|x64.ActiveCfg = Debug|x64
		{CCE8CF75-0C15-4F6F-BD23-AED8982FBE70}.Debug|x64.Build.0 = Debug|x64
		{CCE8CF75-0C15-4F6F-BD23-AED8982FBE70}.Debug|x86.ActiveCfg = Debug|Win32
		{CCE8CF75-0C15-4F6F-BD23-AED8982FBE70}.Debug|x86.Build.0 = Debug|Win32
		{CCE8CF75-0C15-4F6F-BD23-AED8982FBE70}.Release|x64.ActiveCfg = Release|x64
		{CCE8CF75-0C15-4F6F-BD23-AED8982FBE70}.Release|x64.Build.0 = Release|x64
		{CCE8CF75-0C15-4F6F-BD23-AED8982FBE70}.Release|x86.ActiveCfg = Release|Win32
		{CCE8CF75-0C15-4F6F-BD23-AED8982FBE70}.Release|x86.Build.0 = Release|Win32
		{939794F6-3A91-4B37-90CA-17EA0089D8D0}.Debug|x64.ActiveCfg = Debug|x64
		{939794F6-3A91-4B37-90CA-17EA0089D8D0}.Debug|x64.Build.0 = Debug|x64
		{939794F6-3A91-4B37-90CA-17EA0089D8D0}.Debug|x86.ActiveCfg = Debug|Win32
		{939794F6-3A91-4B37-90CA-17EA0089D8D0}.Debug|x86.Build.0 = Debug|Win32
		{939794F6-3A91-4B37-90CA-17EA0089D8D0}.Release|x64.ActiveCfg = Release|x64
		{939794F6-3A91-4B37-90CA-17EA0089D8D0}.Release|x64.Build.0 = Release|x64
		{939794F6-3A91-4B37-90CA-17EA0089D8D0}.Release|x86.ActiveCfg = Release|Win32
		{939794F6-3A91-4B37-90CA-17EA0089D8D0}.Release|x86.Build.0 = Release|Win32
		{80B89152-272E-4E40-A1C5-D135FCAEE585}.Debug|x64.ActiveCfg = Debug|x64
		{80B89152-272E-4E40-A1C5-D135FCAEE585}.Debug|x64.Build.0 = Debug|x64
		{80B89152-272E-4E40-A1C5-D135FCAEE585}.Debug|x86.ActiveCfg = Debug|Win32
		{80B89152-272E-4E40-A1C5-D135FCAEE585}.Debug|x86.Build.0 = Debug|Win32
		{80B89152-272E-4E40-A1C5-D135FCAEE585}.Release|x64.ActiveCfg = Release|x64
		{80B89152-272E-4E40-A1C5-D135FCAEE585}.Release|x64.Build.0 = Release|x64
		{80B89152-272E-4E40-A1C5-D135FCAEE585}.Release|x86.ActiveCfg = Release|Win32
		{80B89152-272E-4E40-A1C5-D135FCAEE585}.Release|x86.Build.0 = Release|Win32
		{EB6C4F9C-98E9-4ADD-B531-F6ADD43FB0C3}.Debug|x64.ActiveCfg = Debug|x64
		{EB6C4F9C-98E9-4ADD-B531-F6ADD43FB0C3}.Debug|x64.Build.0 = Debug|x64
		{EB6C4F9C-98E9-4ADD-B531-F6ADD43FB0C3}.Debug|x86.ActiveCfg = Debug|Win32
		{EB6C4F9C-98E9-4ADD-B531-F6ADD43FB0C3}.Debug|x86.Build.0 = Debug|Win32
		{EB6C4F9C-98E9-4ADD-B531-F6ADD43FB0C3}.Release|x64.ActiveCfg = Release|x64
		{EB6C4F9C-98E9-4ADD-B531-F6ADD43FB0C3}.Release|x64.Build.0 = Release|x64
		{EB6C4F9C-98E9-4ADD-B531-F6ADD43FB0C3}.Release|x86.ActiveCfg = Release|Win32
		{EB6C4F9C-98E9-4ADD-B531-F6ADD43FB0C3}.Release|x86.Build.0 = Release|Win32
		{D5CF68C0-6F5B-457C-BB74-72E59DCAB622}.Debug|x64.ActiveCfg = Debug|x64
		{D5CF68C0-6F5B-457C-BB74-72E59DCAB622}.Debug|x64.Build.0 = Debug|x64
		{D5CF68C0-6F5B-457C-BB74-72E59DCAB622}.Debug|x86.ActiveCfg = Debug|Win32
		{D5CF68C0-6F5B-457C-BB74-72E59DCAB622}.Debug|x86.Build.0 = Debug|Win32
		{D5CF68C0-6F5B-457C-BB74-72E59DCAB622}.Release|x64.ActiveCfg = Release|x64
		{D5CF68C0-6F5B-457C-BB74-72E59DCAB622}.Release|x64.Build.0 = Release|x64
		{D5CF68C0-6F5B-457C-BB74-72E59DCAB622}.Release|x86.ActiveCfg = Release|Win32
		{D5CF68C0-6F5B-457C-BB74-72E59DCAB622}.Release|x86.Build.0 = Release|Win32
		{5F7AA8A2-3754-4049-9088-93A0CD1CC15E}.Debug|x64.ActiveCfg = Debug|x64
		{5F7AA8A2-3754-4049-9088-93A0CD1CC15E}.Debug|x64.Build.0 = Debug|x64
		{5F7AA8A2-3754-4049-9088-93A0CD1CC15E}.Debug|x86.ActiveCfg = Debug|Win32
		{5F7AA8A2-3754-4049-9088-93A0CD1CC15E}.Debug|x86.Build.0 = Debug|Win32
		{5F7AA8A2-3754-4049-9088-93A0CD1CC15E}.Release|x64.ActiveCfg = Release|x64
		{5F7AA8A2-3754-4049-9088-93A0CD1CC15E}.Release|x64.Build.0 = Release|x64
		{5F7AA8A2-3754-4049-9088-93A0CD1CC15E}.Release|x86.ActiveCfg = Release|Win32
		{5F7AA8A2-3754-4049-9088-93A0CD1CC15E}.Release|x86.Build.0 = Release|Win32
		{4E2C1F0D-2BBA-42C4-A906-2212AC305AAA}.Debug|x64.ActiveCfg = Release|x64
		{4E2C1F0D-2BBA-42C4-A906-2212AC305AAA}.Debug|x64.Build.0 = Release|x64
		{4E2C1F0D-2BBA-42C4-A906-2212AC305AAA}.Debug|x86.ActiveCfg = Release|x64
		{4E2C1F0D-2BBA-42C4-A906-2212AC305AAA}.Debug|x86.Build.0 = Release|x64
		{4E2C1F0D-2BBA-42C4-A906-2212AC305AAA}.Release|x64.ActiveCfg = Release|x64
		{4E2C1F0D-2BBA-42C4-A906-2212AC305AAA}.Release|x64.Build.0 = Release|x64
		{4E2C1F0D-2BBA-42C4-A906-2212AC305AAA}.Release|x86.ActiveCfg = Release|x64
		{DEEC256D-4AC0-4F06-8786-75993852F9E8}.Debug|x64.ActiveCfg = Debug|x64
		{DEEC256D-4AC0-4F06-8786-75993852F9E8}.Debug|x64.Build.0 = Debug|x64
		{DEEC256D-4AC0-4F06-8786-75993852F9E8}.Debug|x86.ActiveCfg = Debug|Win32
		{DEEC256D-4AC0-4F06-8786-75993852F9E8}.Debug|x86.Build.0 = Debug|Win32
		{DEEC256D-4AC0-4F06-8786-75993852F9E8}.Release|x64.ActiveCfg = Release|x64
		{DEEC256D-4AC0-4F06-8786-75993852F9E8}.Release|x64.Build.0 = Release|x64
		{DEEC256D-4AC0-4F06-8786-75993852F9E8}.Release|x86.ActiveCfg = Release|Win32
		{DEEC256D-4AC0-4F06-8786-75993852F9E8}.Release|x86.Build.0 = Release|Win32
		{6C170FF7-17EE-4045-95B7-6617BCB7AE46}.Debug|x64.ActiveCfg = Debug|x64
		{6C170FF7-17EE-4045-95B7-6617BCB7AE46}.Debug|x64.Build.0 = Debug|x64
		{6C170FF7-17EE-4045-95B7-6617BCB7AE46}.Debug|x86.ActiveCfg = Debug|Win32
		{6C170FF7-17EE-4045-95B7-6617BCB7AE46}.Debug|x86.Build.0 = Debug|Win32
		{6C170FF7-17EE-4045-95B7-6617BCB7AE46}.Release|x64.ActiveCfg = Release|x64
		{6C170FF7-17EE-4045-95B7-6617BCB7AE46}.Release|x64.Build.0 = Release|x64
		{6C170FF7-17EE-4045-95B7-6617BCB7AE46}.Release|x86.ActiveCfg = Release|Win32
		{6C170FF7-17EE-4045-95B7-6617BCB7AE46}.Release|x86.Build.0 = Release|Win32
		{571EFA81-DFC8-4A83-8114-3DE05005252C}.Debug|x64.ActiveCfg = Debug|x64
		{571EFA81-DFC8-4A83-8114-3DE05005252C}.Debug|x64.Build.0 = Debug|x64
		{571EFA81-DFC8-4A83-8114-3DE05005252C}.Debug|x86.ActiveCfg = Debug|Win32
		{571EFA81-DFC8-4A83-8114-3DE05005252C}.Debug|x86.Build.0 = Debug|Win32
		{571EFA81-DFC8-4A83-8114-3DE05005252C}.Release|x64.ActiveCfg = Release|x64
		{571EFA81-DFC8-4A83-8114-3DE05005252C}.Release|x64.Build.0 = Release|x64
		{571EFA81-DFC8-4A83-8114-3DE05005252C}.Release|x86.ActiveCfg = Release|Win32
		{571EFA81-DFC8-4A83-8114-3DE05005252C}.Release|x86.Build.0 = Release|Win32
		{FFB10AC0-6B66-462E-8B1C-B985CA1BD503}.Debug|x64.ActiveCfg = Debug|x64
		{FFB10AC0-6B66-462E-8B1C-B985CA1BD503}.Debug|x64.Build.0 = Debug|x64
		{FFB10AC0-6B66-462E-8B1C-B985CA1BD503}.Debug|x86.ActiveCfg = Debug|Win32
		{FFB10AC0-6B66-462E-8B1C-B985CA1BD503}.Debug|x86.Build.0 = Debug|Win32
		{FFB10AC0-6B66-462E-8B1C-B985CA1BD503}.Release|x64.ActiveCfg = Release|x64
		{FFB10AC0-6B66-462E-8B1C-B985CA1BD503}.Release|x64.Build.0 = Release|x64
		{FFB10AC0-6B66-462E-8B1C-B985CA1BD503}.Release|x86.ActiveCfg = Release|Win32
		{FFB10AC0-6B66-462E-8B1C-B985CA1BD503}.Release|x86.Build.0 = Release|Win32
		{1FF3CE98-6FD5-4F84-8544-204CB0EFFFEB}.Debug|x64.ActiveCfg = Debug|x64
		{1FF3CE98-6FD5-4F84-8544-204CB0EFFFEB}.Debug|x64.Build.0 = Debug|x64
		{1FF3CE98-6FD5-4F84-8544-204CB0EFFFEB}.Debug|x86.ActiveCfg = Debug|Win32
		{1FF3CE98-6FD5-4F84-8544-204CB0EFFFEB}.Debug|x86.Build.0 = Debug|Win32
		{1FF3CE98-6FD5-4F84-8544-204CB0EFFFEB}.Release|x64.ActiveCfg = Release|x64
		{1FF3CE98-6FD5-4F84-8544-204CB0EFFFEB}.Release|x64.Build.0 = Release|x64
		{1FF3CE98-6FD5-4F84-8544-204CB0EFFFEB}.Release|x86.ActiveCfg = Release|Win32
		{1FF3CE98-6FD5-4F84-8544-204CB0EFFFEB}.Release|x86.Build.0 = Release|Win32
		{ADEA9218-F0CC-4EFE-8DC9-4DB7C889122E}.Debug|x64.ActiveCfg = Debug|x64
		{ADEA9218-F0CC-4EFE-8DC9-4DB7C889122E}.Debug|x64.Build.0 = Debug|x64
		{ADEA9218-F0CC-4EFE-8DC9-4DB7C889122E}.Debug|x86.ActiveCfg = Debug|Win32
		{ADEA9218-F0CC-4EFE-8DC9-4DB7C889122E}.Debug|x86.Build.0 = Debug|Win32
		{ADEA9218-F0CC-4EFE-8DC9-4DB7C889122E}.Release|x64.ActiveCfg = Release|x64
		{ADEA9218-F0CC-4EFE-8DC9-4DB7C889122E}.Release|x64.Build.0 = Release|x64
		{ADEA9218-F0CC-4EFE-8DC9-4DB7C889122E}.Release|x86.ActiveCfg = Release|Win32
		{ADEA9218-F0CC-4EFE-8DC9-4DB7C889122E}.Release|x86.Build.0 = Release|Win32
		{991FF479-1C70-4BB3-9795-7C017B048FC9}.Debug|x64.ActiveCfg = Debug|x64
		{991FF479-1C70-4BB3-9795-7C017B048FC9}.Debug|x64.Build.0 = Debug|x64
		{991FF479-1C70-4BB3-9795-7C017B048FC9}.Debug|x86.ActiveCfg = Debug|Win32
		{991FF479-1C70-4BB3-9795-7C017B048FC9}.Debug|x86.Build.0 = Debug|Win32
		{991FF479-1C70-4BB3-9795-7C017B048FC9}.Release|x64.ActiveCfg = Release|x64
		{991FF479-1C70-4BB3-9795-7C017B048FC9}.Release|x64.Build.0 = Release|x64
		{991FF479-1C70-4BB3-9795-7C017B048FC9}.Release|x86.ActiveCfg = Release|Win32
		{991FF479-1C70-4BB3-9795-7C017B048FC9}.Release|x86.Build.0 = Release|Win32
		{F088F35F-5D11-409E-B183-C07E675086D4}.Debug|x64.ActiveCfg = Debug|x64
		{F088F35F-5D11-409E-B183-C07E675086D4}.Debug|x64.Build.0 = Debug|x64
		{F088F35F-5D11-409E-B183-C07E675086D4}.Debug|x86.ActiveCfg = Debug|Win32
		{F088F35F-5D11-409E-B183-C07E675086D4}.Debug|x86.Build.0 = Debug|Win32
		{F088F35F-5D11-409E-B183-C07E675086D4}.Release|x64.ActiveCfg = Release|x64
		{F088F35F-5D11-409E-B183-C07E675086D4}.Release|x64.Build.0 = Release|x64
		{F088F35F-5D11-409E-B183-C07E675086D4}.Release|x86.ActiveCfg = Release|Win32
		{F088F35F-5D11-409E-B183-C07E675086D4}.Release|x86.Build.0 = Release|Win32
		{324B932F-D3B3-4E00-87FC-A27DE857FF91}.Debug|x64.ActiveCfg = Debug|x64
		{324B932F-D3B3-4E00-87FC-A27DE857FF91}.Debug|x64.Build.0 = Debug|x64
		{324B932F-D3B3-4E00-87FC-A27DE857FF91}.Debug|x86.ActiveCfg = Debug|Win32
		{324B932F-D3B3-4E00-87FC-A27DE857FF91}.Debug|x86.Build.0 = Debug|Win32
		{324B932F-D3B3-4E00-87FC-A27DE857FF91}.Release|x64.ActiveCfg = Release|x64
		{324B932F-D3B3-4E00-87FC-A27DE857FF91}.Release|x64.Build.0 = Release|x64
		{324B932F-D3B3-4E00-87FC-A27DE857FF91}.Release|x86.ActiveCfg = Release|Win32
		{324B932F-D3B3-4E00-87FC-A27DE857FF91}.Release|x86.Build.0 = Release|Win32
		{8434A502-4C5D-4C9B-82E0-DB4DA8B73949}.Debug|x64.ActiveCfg = Debug|x64
		{8434A502-4C5D-4C9B-82E0-DB4DA8B73949}.Debug|x64.Build.0 = Debug|x64
		{8434A502-4C5D-4C9B-82E0-DB4DA8B73949}.Debug|x86.ActiveCfg = Debug|Win32
		{8434A502-4C5D-4C9B-82E0-DB4DA8B73949}.Debug|x86.Build.0 = Debug|Win32
		{8434A502-4C5D-4C9B-82E0-DB4DA8B73949}.Release|x64.ActiveCfg = Release|x64
		{8434A502-4C5D-4C9B-82E0-DB4DA8B73949}.Release|x64.Build.0 = Release|x64
		{8434A502-4C5D-4C9B-82E0-DB4DA8B73949}.Release|x86.ActiveCfg = Release|Win32
		{8434A502-4C5D-4C9B-82E0-DB4DA8B73949}.Release|x86.Build.0 = Release|Win32
		{34FFAA1F-4750-4EAF-9E31-C3531444C4FE}.Debug|x64.ActiveCfg = Debug|x64
		{34FFAA1F-4750-4EAF-9E31-C3531444C4FE}.Debug|x64.Build.0 = Debug|x64
		{34FFAA1F-4750-4EAF-9E31-C3531444C4FE}.Debug|x86.ActiveCfg = Debug|Win32
		{34FFAA1F-4750-4EAF-9E31-C3531444C4FE}.Debug|x86.Build.0 = Debug|Win32
		{34FFAA1F-4750-4EAF-9E31-C3531444C4FE}.Release|x64.ActiveCfg = Release|x64
		{34FFAA1F-4750-4EAF-9E31-C3531444C4FE}.Release|x64.Build.0 = Release|x64
		{34FFAA1F-4750-4EAF-9E31-C3531444C4FE}.Release|x86.ActiveCfg = Release|Win32
		{34FFAA1F-4750-4EAF-9E31-C3531444C4FE}.Release|x86.Build.0 = Release|Win32
		{6908C341-506B-4A02-91EF-176A575811FF}.Debug|x64.ActiveCfg = Debug|x64
		{6908C341-506B-4A02-91EF-176A575811FF}.Debug|x64.Build.0 = Debug|x64
		{6908C341-506B-4A02-91EF-176A575811FF}.Debug|x86.ActiveCfg = Debug|Win32
		{6908C341-506B-4A02-91EF-176A575811FF}.Debug|x86.Build.0 = Debug|Win32
		{6908C341-506B-4A02-91EF-176A575811FF}.Release|x64.ActiveCfg = Release|x64
		{6908C341-506B-4A02-91EF-176A575811FF}.Release|x64.Build.0 = Release|x64
		{6908C341-506B-4A02-91EF-176A575811FF}.Release|x86.ActiveCfg = Release|Win32
		{6908C341-506B-4A02-91EF-176A575811FF}.Release|x86.Build.0 = Release|Win32
		{37FE21D0-D9CF-4D6D-9ACD-F216866101EE}.Debug|x64.ActiveCfg = Debug|x64
		{37FE21D0-D9CF-4D6D-9ACD-F216866101EE}.Debug|x64.Build.0 = Debug|x64
		{37FE21D0-D9CF-4D6D-9ACD-F216866101EE}.Debug|x86.ActiveCfg = Debug|Win32
		{37FE21D0-D9CF-4D6D-9ACD-F216866101EE}.Debug|x86.Build.0 = Debug|Win32
		{37FE21D0-D9CF-4D6D-9ACD-F216866101EE}.Release|x64.ActiveCfg = Release|x64
		{37FE21D0-D9CF-4D6D-9ACD-F216866101EE}.Release|x64.Build.0 = Release|x64
		{37FE21D0-D9CF-4D6D-9ACD-F216866101EE}.Release|x86.ActiveCfg = Release|Win32
		{37FE21D0-D9CF-4D6D-9ACD-F216866101EE}.Release|x86.Build.0 = Release|Win32
		{C81D570F-1158-4F39-A165-7A8645F4541C}.Debug|x64.ActiveCfg = Debug|x64
		{C81D570F-1158-4F39-A165-7A8645F4541C}.Debug|x64.Build.0 = Debug|x64
		{C81D570F-1158-4F39-A165-7A8645F4541C}.Debug|x86.ActiveCfg = Debug|Win32
		{C81D570F-1158-4F39-A165-7A8645F4541C}.Debug|x86.Build.0 = Debug|Win32
		{C81D570F-1158-4F39-A165-7A8645F4541C}.Release|x64.ActiveCfg = Release|x64
		{C81D570F-1158-4F39-A165-7A8645F4541C}.Release|x64.Build.0 = Release|x64
		{C81D570F-1158-4F39-A165-7A8645F4541C}.Release|x86.ActiveCfg = Release|Win32
		{C81D570F-1158-4F39-A165-7A8645F4541C}.Release|x86.Build.0 = Release|Win32
		{5F482754-4BD2-4405-8256-5C321EA1DB38}.Debug|x64.ActiveCfg = Debug|x64
		{5F482754-4BD2-4405-8256-5C321EA1DB38}.Debug|x64.Build.0 = Debug|x64
		{5F482754-4BD2-4405-8256-5C321EA1DB38}.Debug|x86.ActiveCfg = Debug|Win32
		{5F482754-4BD2-4405-8256-5C321EA1DB38}.Debug|x86.Build.0 = Debug|Win32
		{5F482754-4BD2-4405-8256-5C321EA1DB38}.Release|x64.ActiveCfg = Release|x64
		{5F482754-4BD2-4405-8256-5C321EA1DB38}.Release|x64.Build.0 = Release|x64
		{5F482754-4BD2-4405-8256-5C321EA1DB38}.Release|x86.ActiveCfg = Release|Win32
		{5F482754-4BD2-4405-8256-5C321EA1DB38}.Release|x86.Build.0 = Release|Win32
		{D79FC2F4-A2C3-4225-B78F-DA661A0EF304}.Debug|x64.ActiveCfg = Debug|x64
		{D79FC2F4-A2C3-4225-B78F-DA661A0EF304}.Debug|x64.Build.0 = Debug|x64
		{D79FC2F4-A2C3-4225-B78F-DA661A0EF304}.Debug|x86.ActiveCfg = Debug|Win32
		{D79FC2F4-A2C3-4225-B78F-DA661A0EF304}.Debug|x86.Build.0 = Debug|Win32
		{D79FC2F4-A2C3-4225-B78F-DA661A0EF304}.Release|x64.ActiveCfg = Release|x64
		{D79FC2F4-A2C3-4225-B78F-DA661A0EF304}.Release|x64.Build.0 = Release|x64
		{D79FC2F4-A2C3-4225-B78F-DA661A0EF304}.Release|x86.ActiveCfg = Release|Win32
		{D79FC2F4-A2C3-4225-B78F-DA661A0EF304}.Release|x86.Build.0 = Release|Win32
	EndGlobalSection
	GlobalSection(SolutionProperties) = preSolution
		HideSolutionNode = FALSE
	EndGlobalSection
	GlobalSection(ExtensibilityGlobals) = postSolution
		SolutionGuid = {FB2A1BB1-0523-483C-AB59-9755C35A4FD0}
	EndGlobalSection
EndGlobal
