
Microsoft Visual Studio Solution File, Format Version 12.00
# Visual Studio Version 16
VisualStudioVersion = 16.0.30717.126
MinimumVisualStudioVersion = 10.0.40219.1
Project("{8BC9CEB8-8B4A-11D0-8D11-00A0C91BC942}") = "BDXBehaviorLog", "BLog.vcxproj", "{4E2C1F0D-2BBA-42C4-A906-2212AC305AAA}"
EndProject
Global
	GlobalSection(SolutionConfigurationPlatforms) = preSolution
		Release|x64 = Release|x64
	EndGlobalSection
	GlobalSection(ProjectConfigurationPlatforms) = postSolution
		{4E2C1F0D-2BBA-42C4-A906-2212AC305AAA}.Release|x64.ActiveCfg = Release|x64
		{4E2C1F0D-2BBA-42C4-A906-2212AC305AAA}.Release|x64.Build.0 = Release|x64
	EndGlobalSection
	GlobalSection(SolutionProperties) = preSolution
		HideSolutionNode = FALSE
	EndGlobalSection
	GlobalSection(ExtensibilityGlobals) = postSolution
		SolutionGuid = {2F7BD8BC-5A03-4280-ADB7-A17255806ED4}
	EndGlobalSection
EndGlobal
